// !$*UTF8*$!
{
	archiveVersion = 1;
	classes = {
	};
	objectVersion = 46;
	objects = {

/* Begin PBXBuildFile section */
		D350D0361D8E774C00D6606E /* AppDelegate.swift in Sources */ = {isa = PBXBuildFile; fileRef = D350D0351D8E774C00D6606E /* AppDelegate.swift */; };
		D350D0381D8E774C00D6606E /* ViewController.swift in Sources */ = {isa = PBXBuildFile; fileRef = D350D0371D8E774C00D6606E /* ViewController.swift */; };
		D350D03B1D8E774C00D6606E /* Main.storyboard in Resources */ = {isa = PBXBuildFile; fileRef = D350D0391D8E774C00D6606E /* Main.storyboard */; };
		D350D03D1D8E774C00D6606E /* Assets.xcassets in Resources */ = {isa = PBXBuildFile; fileRef = D350D03C1D8E774C00D6606E /* Assets.xcassets */; };
		D350D0401D8E774C00D6606E /* LaunchScreen.storyboard in Resources */ = {isa = PBXBuildFile; fileRef = D350D03E1D8E774C00D6606E /* LaunchScreen.storyboard */; };
		D350D04B1D8E774C00D6606E /* TippyTests.swift in Sources */ = {isa = PBXBuildFile; fileRef = D350D04A1D8E774C00D6606E /* TippyTests.swift */; };
		D350D0561D8E774C00D6606E /* TippyUITests.swift in Sources */ = {isa = PBXBuildFile; fileRef = D350D0551D8E774C00D6606E /* TippyUITests.swift */; };
/* End PBXBuildFile section */

/* Begin PBXContainerItemProxy section */
		D350D0471D8E774C00D6606E /* PBXContainerItemProxy */ = {
			isa = PBXContainerItemProxy;
			containerPortal = D350D02A1D8E774C00D6606E /* Project object */;
			proxyType = 1;
			remoteGlobalIDString = D350D0311D8E774C00D6606E;
			remoteInfo = Tippy;
		};
		D350D0521D8E774C00D6606E /* PBXContainerItemProxy */ = {
			isa = PBXContainerItemProxy;
			containerPortal = D350D02A1D8E774C00D6606E /* Project object */;
			proxyType = 1;
			remoteGlobalIDString = D350D0311D8E774C00D6606E;
			remoteInfo = Tippy;
		};
/* End PBXContainerItemProxy section */

/* Begin PBXFileReference section */
		D350D0321D8E774C00D6606E /* Tippy.app */ = {isa = PBXFileReference; explicitFileType = wrapper.application; includeInIndex = 0; path = Tippy.app; sourceTree = BUILT_PRODUCTS_DIR; };
		D350D0351D8E774C00D6606E /* AppDelegate.swift */ = {isa = PBXFileReference; lastKnownFileType = sourcecode.swift; path = AppDelegate.swift; sourceTree = "<group>"; };
		D350D0371D8E774C00D6606E /* ViewController.swift */ = {isa = PBXFileReference; lastKnownFileType = sourcecode.swift; path = ViewController.swift; sourceTree = "<group>"; };
		D350D03A1D8E774C00D6606E /* Base */ = {isa = PBXFileReference; lastKnownFileType = file.storyboard; name = Base; path = Base.lproj/Main.storyboard; sourceTree = "<group>"; };
		D350D03C1D8E774C00D6606E /* Assets.xcassets */ = {isa = PBXFileReference; lastKnownFileType = folder.assetcatalog; path = Assets.xcassets; sourceTree = "<group>"; };
		D350D03F1D8E774C00D6606E /* Base */ = {isa = PBXFileReference; lastKnownFileType = file.storyboard; name = Base; path = Base.lproj/LaunchScreen.storyboard; sourceTree = "<group>"; };
		D350D0411D8E774C00D6606E /* Info.plist */ = {isa = PBXFileReference; lastKnownFileType = text.plist.xml; path = Info.plist; sourceTree = "<group>"; };
		D350D0461D8E774C00D6606E /* TippyTests.xctest */ = {isa = PBXFileReference; explicitFileType = wrapper.cfbundle; includeInIndex = 0; path = TippyTests.xctest; sourceTree = BUILT_PRODUCTS_DIR; };
		D350D04A1D8E774C00D6606E /* TippyTests.swift */ = {isa = PBXFileReference; lastKnownFileType = sourcecode.swift; path = TippyTests.swift; sourceTree = "<group>"; };
		D350D04C1D8E774C00D6606E /* Info.plist */ = {isa = PBXFileReference; lastKnownFileType = text.plist.xml; path = Info.plist; sourceTree = "<group>"; };
		D350D0511D8E774C00D6606E /* TippyUITests.xctest */ = {isa = PBXFileReference; explicitFileType = wrapper.cfbundle; includeInIndex = 0; path = TippyUITests.xctest; sourceTree = BUILT_PRODUCTS_DIR; };
		D350D0551D8E774C00D6606E /* TippyUITests.swift */ = {isa = PBXFileReference; lastKnownFileType = sourcecode.swift; path = TippyUITests.swift; sourceTree = "<group>"; };
		D350D0571D8E774C00D6606E /* Info.plist */ = {isa = PBXFileReference; lastKnownFileType = text.plist.xml; path = Info.plist; sourceTree = "<group>"; };
/* End PBXFileReference section */

/* Begin PBXFrameworksBuildPhase section */
		D350D02F1D8E774C00D6606E /* Frameworks */ = {
			isa = PBXFrameworksBuildPhase;
			buildActionMask = 2147483647;
			files = (
			);
			runOnlyForDeploymentPostprocessing = 0;
		};
		D350D0431D8E774C00D6606E /* Frameworks */ = {
			isa = PBXFrameworksBuildPhase;
			buildActionMask = 2147483647;
			files = (
			);
			runOnlyForDeploymentPostprocessing = 0;
		};
		D350D04E1D8E774C00D6606E /* Frameworks */ = {
			isa = PBXFrameworksBuildPhase;
			buildActionMask = 2147483647;
			files = (
			);
			runOnlyForDeploymentPostprocessing = 0;
		};
/* End PBXFrameworksBuildPhase section */

/* Begin PBXGroup section */
		D350D0291D8E774C00D6606E = {
			isa = PBXGroup;
			children = (
				D350D0341D8E774C00D6606E /* Tippy */,
				D350D0491D8E774C00D6606E /* TippyTests */,
				D350D0541D8E774C00D6606E /* TippyUITests */,
				D350D0331D8E774C00D6606E /* Products */,
			);
			sourceTree = "<group>";
		};
		D350D0331D8E774C00D6606E /* Products */ = {
			isa = PBXGroup;
			children = (
				D350D0321D8E774C00D6606E /* Tippy.app */,
				D350D0461D8E774C00D6606E /* TippyTests.xctest */,
				D350D0511D8E774C00D6606E /* TippyUITests.xctest */,
			);
			name = Products;
			sourceTree = "<group>";
		};
		D350D0341D8E774C00D6606E /* Tippy */ = {
			isa = PBXGroup;
			children = (
				D350D0351D8E774C00D6606E /* AppDelegate.swift */,
				D350D0371D8E774C00D6606E /* ViewController.swift */,
				D350D0391D8E774C00D6606E /* Main.storyboard */,
				D350D03C1D8E774C00D6606E /* Assets.xcassets */,
				D350D03E1D8E774C00D6606E /* LaunchScreen.storyboard */,
				D350D0411D8E774C00D6606E /* Info.plist */,
			);
			path = Tippy;
			sourceTree = "<group>";
		};
		D350D0491D8E774C00D6606E /* TippyTests */ = {
			isa = PBXGroup;
			children = (
				D350D04A1D8E774C00D6606E /* TippyTests.swift */,
				D350D04C1D8E774C00D6606E /* Info.plist */,
			);
			path = TippyTests;
			sourceTree = "<group>";
		};
		D350D0541D8E774C00D6606E /* TippyUITests */ = {
			isa = PBXGroup;
			children = (
				D350D0551D8E774C00D6606E /* TippyUITests.swift */,
				D350D0571D8E774C00D6606E /* Info.plist */,
			);
			path = TippyUITests;
			sourceTree = "<group>";
		};
/* End PBXGroup section */

/* Begin PBXNativeTarget section */
		D350D0311D8E774C00D6606E /* Tippy */ = {
			isa = PBXNativeTarget;
			buildConfigurationList = D350D05A1D8E774C00D6606E /* Build configuration list for PBXNativeTarget "Tippy" */;
			buildPhases = (
				D350D02E1D8E774C00D6606E /* Sources */,
				D350D02F1D8E774C00D6606E /* Frameworks */,
				D350D0301D8E774C00D6606E /* Resources */,
			);
			buildRules = (
			);
			dependencies = (
			);
			name = Tippy;
			productName = Tippy;
			productReference = D350D0321D8E774C00D6606E /* Tippy.app */;
			productType = "com.apple.product-type.application";
		};
		D350D0451D8E774C00D6606E /* TippyTests */ = {
			isa = PBXNativeTarget;
			buildConfigurationList = D350D05D1D8E774C00D6606E /* Build configuration list for PBXNativeTarget "TippyTests" */;
			buildPhases = (
				D350D0421D8E774C00D6606E /* Sources */,
				D350D0431D8E774C00D6606E /* Frameworks */,
				D350D0441D8E774C00D6606E /* Resources */,
			);
			buildRules = (
			);
			dependencies = (
				D350D0481D8E774C00D6606E /* PBXTargetDependency */,
			);
			name = TippyTests;
			productName = TippyTests;
			productReference = D350D0461D8E774C00D6606E /* TippyTests.xctest */;
			productType = "com.apple.product-type.bundle.unit-test";
		};
		D350D0501D8E774C00D6606E /* TippyUITests */ = {
			isa = PBXNativeTarget;
			buildConfigurationList = D350D0601D8E774C00D6606E /* Build configuration list for PBXNativeTarget "TippyUITests" */;
			buildPhases = (
				D350D04D1D8E774C00D6606E /* Sources */,
				D350D04E1D8E774C00D6606E /* Frameworks */,
				D350D04F1D8E774C00D6606E /* Resources */,
			);
			buildRules = (
			);
			dependencies = (
				D350D0531D8E774C00D6606E /* PBXTargetDependency */,
			);
			name = TippyUITests;
			productName = TippyUITests;
			productReference = D350D0511D8E774C00D6606E /* TippyUITests.xctest */;
			productType = "com.apple.product-type.bundle.ui-testing";
		};
/* End PBXNativeTarget section */

/* Begin PBXProject section */
		D350D02A1D8E774C00D6606E /* Project object */ = {
			isa = PBXProject;
			attributes = {
				LastSwiftUpdateCheck = 0800;
				LastUpgradeCheck = 0800;
				ORGANIZATIONNAME = "Kyo Kim";
				TargetAttributes = {
					D350D0311D8E774C00D6606E = {
						CreatedOnToolsVersion = 8.0;
						ProvisioningStyle = Automatic;
					};
					D350D0451D8E774C00D6606E = {
						CreatedOnToolsVersion = 8.0;
						ProvisioningStyle = Automatic;
						TestTargetID = D350D0311D8E774C00D6606E;
					};
					D350D0501D8E774C00D6606E = {
						CreatedOnToolsVersion = 8.0;
						ProvisioningStyle = Automatic;
						TestTargetID = D350D0311D8E774C00D6606E;
					};
				};
			};
			buildConfigurationList = D350D02D1D8E774C00D6606E /* Build configuration list for PBXProject "Tippy" */;
			compatibilityVersion = "Xcode 3.2";
			developmentRegion = English;
			hasScannedForEncodings = 0;
			knownRegions = (
				en,
				Base,
			);
			mainGroup = D350D0291D8E774C00D6606E;
			productRefGroup = D350D0331D8E774C00D6606E /* Products */;
			projectDirPath = "";
			projectRoot = "";
			targets = (
				D350D0311D8E774C00D6606E /* Tippy */,
				D350D0451D8E774C00D6606E /* TippyTests */,
				D350D0501D8E774C00D6606E /* TippyUITests */,
			);
		};
/* End PBXProject section */

/* Begin PBXResourcesBuildPhase section */
		D350D0301D8E774C00D6606E /* Resources */ = {
			isa = PBXResourcesBuildPhase;
			buildActionMask = 2147483647;
			files = (
				D350D0401D8E774C00D6606E /* LaunchScreen.storyboard in Resources */,
				D350D03D1D8E774C00D6606E /* Assets.xcassets in Resources */,
				D350D03B1D8E774C00D6606E /* Main.storyboard in Resources */,
			);
			runOnlyForDeploymentPostprocessing = 0;
		};
		D350D0441D8E774C00D6606E /* Resources */ = {
			isa = PBXResourcesBuildPhase;
			buildActionMask = 2147483647;
			files = (
			);
			runOnlyForDeploymentPostprocessing = 0;
		};
		D350D04F1D8E774C00D6606E /* Resources */ = {
			isa = PBXResourcesBuildPhase;
			buildActionMask = 2147483647;
			files = (
			);
			runOnlyForDeploymentPostprocessing = 0;
		};
/* End PBXResourcesBuildPhase section */

/* Begin PBXSourcesBuildPhase section */
		D350D02E1D8E774C00D6606E /* Sources */ = {
			isa = PBXSourcesBuildPhase;
			buildActionMask = 2147483647;
			files = (
				D350D0381D8E774C00D6606E /* ViewController.swift in Sources */,
				D350D0361D8E774C00D6606E /* AppDelegate.swift in Sources */,
			);
			runOnlyForDeploymentPostprocessing = 0;
		};
		D350D0421D8E774C00D6606E /* Sources */ = {
			isa = PBXSourcesBuildPhase;
			buildActionMask = 2147483647;
			files = (
				D350D04B1D8E774C00D6606E /* TippyTests.swift in Sources */,
			);
			runOnlyForDeploymentPostprocessing = 0;
		};
		D350D04D1D8E774C00D6606E /* Sources */ = {
			isa = PBXSourcesBuildPhase;
			buildActionMask = 2147483647;
			files = (
				D350D0561D8E774C00D6606E /* TippyUITests.swift in Sources */,
			);
			runOnlyForDeploymentPostprocessing = 0;
		};
/* End PBXSourcesBuildPhase section */

/* Begin PBXTargetDependency section */
		D350D0481D8E774C00D6606E /* PBXTargetDependency */ = {
			isa = PBXTargetDependency;
			target = D350D0311D8E774C00D6606E /* Tippy */;
			targetProxy = D350D0471D8E774C00D6606E /* PBXContainerItemProxy */;
		};
		D350D0531D8E774C00D6606E /* PBXTargetDependency */ = {
			isa = PBXTargetDependency;
			target = D350D0311D8E774C00D6606E /* Tippy */;
			targetProxy = D350D0521D8E774C00D6606E /* PBXContainerItemProxy */;
		};
/* End PBXTargetDependency section */

/* Begin PBXVariantGroup section */
		D350D0391D8E774C00D6606E /* Main.storyboard */ = {
			isa = PBXVariantGroup;
			children = (
				D350D03A1D8E774C00D6606E /* Base */,
			);
			name = Main.storyboard;
			sourceTree = "<group>";
		};
		D350D03E1D8E774C00D6606E /* LaunchScreen.storyboard */ = {
			isa = PBXVariantGroup;
			children = (
				D350D03F1D8E774C00D6606E /* Base */,
			);
			name = LaunchScreen.storyboard;
			sourceTree = "<group>";
		};
/* End PBXVariantGroup section */

/* Begin XCBuildConfiguration section */
		D350D0581D8E774C00D6606E /* Debug */ = {
			isa = XCBuildConfiguration;
			buildSettings = {
				ALWAYS_SEARCH_USER_PATHS = NO;
				CLANG_ANALYZER_NONNULL = YES;
				CLANG_CXX_LANGUAGE_STANDARD = "gnu++0x";
				CLANG_CXX_LIBRARY = "libc++";
				CLANG_ENABLE_MODULES = YES;
				CLANG_ENABLE_OBJC_ARC = YES;
				CLANG_WARN_BOOL_CONVERSION = YES;
				CLANG_WARN_CONSTANT_CONVERSION = YES;
				CLANG_WARN_DIRECT_OBJC_ISA_USAGE = YES_ERROR;
				CLANG_WARN_DOCUMENTATION_COMMENTS = YES;
				CLANG_WARN_EMPTY_BODY = YES;
				CLANG_WARN_ENUM_CONVERSION = YES;
				CLANG_WARN_INFINITE_RECURSION = YES;
				CLANG_WARN_INT_CONVERSION = YES;
				CLANG_WARN_OBJC_ROOT_CLASS = YES_ERROR;
				CLANG_WARN_SUSPICIOUS_MOVES = YES;
				CLANG_WARN_UNREACHABLE_CODE = YES;
				CLANG_WARN__DUPLICATE_METHOD_MATCH = YES;
				"CODE_SIGN_IDENTITY[sdk=iphoneos*]" = "iPhone Developer";
				COPY_PHASE_STRIP = NO;
				DEBUG_INFORMATION_FORMAT = dwarf;
				ENABLE_STRICT_OBJC_MSGSEND = YES;
				ENABLE_TESTABILITY = YES;
				GCC_C_LANGUAGE_STANDARD = gnu99;
				GCC_DYNAMIC_NO_PIC = NO;
				GCC_NO_COMMON_BLOCKS = YES;
				GCC_OPTIMIZATION_LEVEL = 0;
				GCC_PREPROCESSOR_DEFINITIONS = (
					"DEBUG=1",
					"$(inherited)",
				);
				GCC_WARN_64_TO_32_BIT_CONVERSION = YES;
				GCC_WARN_ABOUT_RETURN_TYPE = YES_ERROR;
				GCC_WARN_UNDECLARED_SELECTOR = YES;
				GCC_WARN_UNINITIALIZED_AUTOS = YES_AGGRESSIVE;
				GCC_WARN_UNUSED_FUNCTION = YES;
				GCC_WARN_UNUSED_VARIABLE = YES;
				IPHONEOS_DEPLOYMENT_TARGET = 10.0;
				MTL_ENABLE_DEBUG_INFO = YES;
				ONLY_ACTIVE_ARCH = YES;
				SDKROOT = iphoneos;
				SWIFT_ACTIVE_COMPILATION_CONDITIONS = DEBUG;
				SWIFT_OPTIMIZATION_LEVEL = "-Onone";
			};
			name = Debug;
		};
		D350D0591D8E774C00D6606E /* Release */ = {
			isa = XCBuildConfiguration;
			buildSettings = {
				ALWAYS_SEARCH_USER_PATHS = NO;
				CLANG_ANALYZER_NONNULL = YES;
				CLANG_CXX_LANGUAGE_STANDARD = "gnu++0x";
				CLANG_CXX_LIBRARY = "libc++";
				CLANG_ENABLE_MODULES = YES;
				CLANG_ENABLE_OBJC_ARC = YES;
				CLANG_WARN_BOOL_CONVERSION = YES;
				CLANG_WARN_CONSTANT_CONVERSION = YES;
				CLANG_WARN_DIRECT_OBJC_ISA_USAGE = YES_ERROR;
				CLANG_WARN_DOCUMENTATION_COMMENTS = YES;
				CLANG_WARN_EMPTY_BODY = YES;
				CLANG_WARN_ENUM_CONVERSION = YES;
				CLANG_WARN_INFINITE_RECURSION = YES;
				CLANG_WARN_INT_CONVERSION = YES;
				CLANG_WARN_OBJC_ROOT_CLASS = YES_ERROR;
				CLANG_WARN_SUSPICIOUS_MOVES = YES;
				CLANG_WARN_UNREACHABLE_CODE = YES;
				CLANG_WARN__DUPLICATE_METHOD_MATCH = YES;
				"CODE_SIGN_IDENTITY[sdk=iphoneos*]" = "iPhone Developer";
				COPY_PHASE_STRIP = NO;
				DEBUG_INFORMATION_FORMAT = "dwarf-with-dsym";
				ENABLE_NS_ASSERTIONS = NO;
				ENABLE_STRICT_OBJC_MSGSEND = YES;
				GCC_C_LANGUAGE_STANDARD = gnu99;
				GCC_NO_COMMON_BLOCKS = YES;
				GCC_WARN_64_TO_32_BIT_CONVERSION = YES;
				GCC_WARN_ABOUT_RETURN_TYPE = YES_ERROR;
				GCC_WARN_UNDECLARED_SELECTOR = YES;
				GCC_WARN_UNINITIALIZED_AUTOS = YES_AGGRESSIVE;
				GCC_WARN_UNUSED_FUNCTION = YES;
				GCC_WARN_UNUSED_VARIABLE = YES;
				IPHONEOS_DEPLOYMENT_TARGET = 10.0;
				MTL_ENABLE_DEBUG_INFO = NO;
				SDKROOT = iphoneos;
				SWIFT_OPTIMIZATION_LEVEL = "-Owholemodule";
				VALIDATE_PRODUCT = YES;
			};
			name = Release;
		};
		D350D05B1D8E774C00D6606E /* Debug */ = {
			isa = XCBuildConfiguration;
			buildSettings = {
				ASSETCATALOG_COMPILER_APPICON_NAME = AppIcon;
				INFOPLIST_FILE = Tippy/Info.plist;
				LD_RUNPATH_SEARCH_PATHS = "$(inherited) @executable_path/Frameworks";
				PRODUCT_BUNDLE_IDENTIFIER = "Capital-One.Tippy";
				PRODUCT_NAME = "$(TARGET_NAME)";
				SWIFT_VERSION = 3.0;
			};
			name = Debug;
		};
		D350D05C1D8E774C00D6606E /* Release */ = {
			isa = XCBuildConfiguration;
			buildSettings = {
				ASSETCATALOG_COMPILER_APPICON_NAME = AppIcon;
				INFOPLIST_FILE = Tippy/Info.plist;
				LD_RUNPATH_SEARCH_PATHS = "$(inherited) @executable_path/Frameworks";
				PRODUCT_BUNDLE_IDENTIFIER = "Capital-One.Tippy";
				PRODUCT_NAME = "$(TARGET_NAME)";
				SWIFT_VERSION = 3.0;
			};
			name = Release;
		};
		D350D05E1D8E774C00D6606E /* Debug */ = {
			isa = XCBuildConfiguration;
			buildSettings = {
				ALWAYS_EMBED_SWIFT_STANDARD_LIBRARIES = YES;
				BUNDLE_LOADER = "$(TEST_HOST)";
				INFOPLIST_FILE = TippyTests/Info.plist;
				LD_RUNPATH_SEARCH_PATHS = "$(inherited) @executable_path/Frameworks @loader_path/Frameworks";
				PRODUCT_BUNDLE_IDENTIFIER = "Capital-One.TippyTests";
				PRODUCT_NAME = "$(TARGET_NAME)";
				SWIFT_VERSION = 3.0;
				TEST_HOST = "$(BUILT_PRODUCTS_DIR)/Tippy.app/Tippy";
			};
			name = Debug;
		};
		D350D05F1D8E774C00D6606E /* Release */ = {
			isa = XCBuildConfiguration;
			buildSettings = {
				ALWAYS_EMBED_SWIFT_STANDARD_LIBRARIES = YES;
				BUNDLE_LOADER = "$(TEST_HOST)";
				INFOPLIST_FILE = TippyTests/Info.plist;
				LD_RUNPATH_SEARCH_PATHS = "$(inherited) @executable_path/Frameworks @loader_path/Frameworks";
				PRODUCT_BUNDLE_IDENTIFIER = "Capital-One.TippyTests";
				PRODUCT_NAME = "$(TARGET_NAME)";
				SWIFT_VERSION = 3.0;
				TEST_HOST = "$(BUILT_PRODUCTS_DIR)/Tippy.app/Tippy";
			};
			name = Release;
		};
		D350D0611D8E774C00D6606E /* Debug */ = {
			isa = XCBuildConfiguration;
			buildSettings = {
				ALWAYS_EMBED_SWIFT_STANDARD_LIBRARIES = YES;
				INFOPLIST_FILE = TippyUITests/Info.plist;
				LD_RUNPATH_SEARCH_PATHS = "$(inherited) @executable_path/Frameworks @loader_path/Frameworks";
				PRODUCT_BUNDLE_IDENTIFIER = "Capital-One.TippyUITests";
				PRODUCT_NAME = "$(TARGET_NAME)";
				SWIFT_VERSION = 3.0;
				TEST_TARGET_NAME = Tippy;
			};
			name = Debug;
		};
		D350D0621D8E774C00D6606E /* Release */ = {
			isa = XCBuildConfiguration;
			buildSettings = {
				ALWAYS_EMBED_SWIFT_STANDARD_LIBRARIES = YES;
				INFOPLIST_FILE = TippyUITests/Info.plist;
				LD_RUNPATH_SEARCH_PATHS = "$(inherited) @executable_path/Frameworks @loader_path/Frameworks";
				PRODUCT_BUNDLE_IDENTIFIER = "Capital-One.TippyUITests";
				PRODUCT_NAME = "$(TARGET_NAME)";
				SWIFT_VERSION = 3.0;
				TEST_TARGET_NAME = Tippy;
			};
			name = Release;
		};
/* End XCBuildConfiguration section */

/* Begin XCConfigurationList section */
		D350D02D1D8E774C00D6606E /* Build configuration list for PBXProject "Tippy" */ = {
			isa = XCConfigurationList;
			buildConfigurations = (
				D350D0581D8E774C00D6606E /* Debug */,
				D350D0591D8E774C00D6606E /* Release */,
			);
			defaultConfigurationIsVisible = 0;
			defaultConfigurationName = Release;
		};
		D350D05A1D8E774C00D6606E /* Build configuration list for PBXNativeTarget "Tippy" */ = {
			isa = XCConfigurationList;
			buildConfigurations = (
				D350D05B1D8E774C00D6606E /* Debug */,
				D350D05C1D8E774C00D6606E /* Release */,
			);
			defaultConfigurationIsVisible = 0;
		};
		D350D05D1D8E774C00D6606E /* Build configuration list for PBXNativeTarget "TippyTests" */ = {
			isa = XCConfigurationList;
			buildConfigurations = (
				D350D05E1D8E774C00D6606E /* Debug */,
				D350D05F1D8E774C00D6606E /* Release */,
			);
			defaultConfigurationIsVisible = 0;
		};
		D350D0601D8E774C00D6606E /* Build configuration list for PBXNativeTarget "TippyUITests" */ = {
			isa = XCConfigurationList;
			buildConfigurations = (
				D350D0611D8E774C00D6606E /* Debug */,
				D350D0621D8E774C00D6606E /* Release */,
			);
			defaultConfigurationIsVisible = 0;
		};
/* End XCConfigurationList section */
	};
	rootObject = D350D02A1D8E774C00D6606E /* Project object */;
}
